
Microsoft Visual Studio Solution File, Format Version 12.00
# Visual Studio 2012
Project("{FAE04EC0-301F-11D3-BF4B-00C04F79EFBC}") = "ResourceOwnerPassword", "ResourceOwnerPassword\ResourceOwnerPassword.csproj", "{9372E49F-B73A-4F8E-81E7-2DCF96945084}"
EndProject
Project("{2150E333-8FDC-42A3-9474-1A3956D46DE8}") = ".nuget", ".nuget", "{C733D96E-A9F9-4B61-8054-ABEC53A5F387}"
	ProjectSection(SolutionItems) = preProject
		.nuget\NuGet.Config = .nuget\NuGet.Config
		.nuget\NuGet.exe = .nuget\NuGet.exe
		.nuget\NuGet.targets = .nuget\NuGet.targets
	EndProjectSection
EndProject
Global
	GlobalSection(SolutionConfigurationPlatforms) = preSolution
		Debug|Any CPU = Debug|Any CPU
		Dev|Any CPU = Dev|Any CPU
		Perf|Any CPU = Perf|Any CPU
		Qa|Any CPU = Qa|Any CPU
		Release|Any CPU = Release|Any CPU
		Stage|Any CPU = Stage|Any CPU
	EndGlobalSection
	GlobalSection(ProjectConfigurationPlatforms) = postSolution
		{9372E49F-B73A-4F8E-81E7-2DCF96945084}.Debug|Any CPU.ActiveCfg = Debug|Any CPU
		{9372E49F-B73A-4F8E-81E7-2DCF96945084}.Debug|Any CPU.Build.0 = Debug|Any CPU
		{9372E49F-B73A-4F8E-81E7-2DCF96945084}.Dev|Any CPU.ActiveCfg = Dev|Any CPU
		{9372E49F-B73A-4F8E-81E7-2DCF96945084}.Dev|Any CPU.Build.0 = Dev|Any CPU
		{9372E49F-B73A-4F8E-81E7-2DCF96945084}.Perf|Any CPU.ActiveCfg = Perf|Any CPU
		{9372E49F-B73A-4F8E-81E7-2DCF96945084}.Perf|Any CPU.Build.0 = Perf|Any CPU
		{9372E49F-B73A-4F8E-81E7-2DCF96945084}.Qa|Any CPU.ActiveCfg = Qa|Any CPU
		{9372E49F-B73A-4F8E-81E7-2DCF96945084}.Qa|Any CPU.Build.0 = Qa|Any CPU
		{9372E49F-B73A-4F8E-81E7-2DCF96945084}.Release|Any CPU.ActiveCfg = Release|Any CPU
		{9372E49F-B73A-4F8E-81E7-2DCF96945084}.Release|Any CPU.Build.0 = Release|Any CPU
		{9372E49F-B73A-4F8E-81E7-2DCF96945084}.Stage|Any CPU.ActiveCfg = Stage|Any CPU
		{9372E49F-B73A-4F8E-81E7-2DCF96945084}.Stage|Any CPU.Build.0 = Stage|Any CPU
	EndGlobalSection
	GlobalSection(SolutionProperties) = preSolution
		HideSolutionNode = FALSE
	EndGlobalSection
EndGlobal
